// !$*UTF8*$!
{
	archiveVersion = 1;
	classes = {
	};
	objectVersion = 77;
	objects = {

/* Begin PBXBuildFile section */
		547C73FB2D5F990B00E6E60C /* Redlink in Frameworks */ = {isa = PBXBuildFile; productRef = 547C73FA2D5F990B00E6E60C /* Redlink */; };
/* End PBXBuildFile section */

/* Begin PBXContainerItemProxy section */
		54C0D0D32D5E230C00E3FAC5 /* PBXContainerItemProxy */ = {
			isa = PBXContainerItemProxy;
			containerPortal = 54C0D0B42D5E230B00E3FAC5 /* Project object */;
			proxyType = 1;
			remoteGlobalIDString = 54C0D0BB2D5E230B00E3FAC5;
			remoteInfo = Example123;
		};
		54C0D0DD2D5E230C00E3FAC5 /* PBXContainerItemProxy */ = {
			isa = PBXContainerItemProxy;
			containerPortal = 54C0D0B42D5E230B00E3FAC5 /* Project object */;
			proxyType = 1;
			remoteGlobalIDString = 54C0D0BB2D5E230B00E3FAC5;
			remoteInfo = Example123;
		};
/* End PBXContainerItemProxy section */

/* Begin PBXFileReference section */
		54C0D0BC2D5E230B00E3FAC5 /* Example123.app */ = {isa = PBXFileReference; explicitFileType = wrapper.application; includeInIndex = 0; path = Example123.app; sourceTree = BUILT_PRODUCTS_DIR; };
		54C0D0D22D5E230C00E3FAC5 /* Example123Tests.xctest */ = {isa = PBXFileReference; explicitFileType = wrapper.cfbundle; includeInIndex = 0; path = Example123Tests.xctest; sourceTree = BUILT_PRODUCTS_DIR; };
		54C0D0DC2D5E230C00E3FAC5 /* Example123UITests.xctest */ = {isa = PBXFileReference; explicitFileType = wrapper.cfbundle; includeInIndex = 0; path = Example123UITests.xctest; sourceTree = BUILT_PRODUCTS_DIR; };
/* End PBXFileReference section */

/* Begin PBXFileSystemSynchronizedBuildFileExceptionSet section */
		54C0D0E42D5E230C00E3FAC5 /* Exceptions for "Example123" folder in "Example123" target */ = {
			isa = PBXFileSystemSynchronizedBuildFileExceptionSet;
			membershipExceptions = (
				Info.plist,
			);
			target = 54C0D0BB2D5E230B00E3FAC5 /* Example123 */;
		};
/* End PBXFileSystemSynchronizedBuildFileExceptionSet section */

/* Begin PBXFileSystemSynchronizedRootGroup section */
		54C0D0BE2D5E230B00E3FAC5 /* Example123 */ = {
			isa = PBXFileSystemSynchronizedRootGroup;
			exceptions = (
				54C0D0E42D5E230C00E3FAC5 /* Exceptions for "Example123" folder in "Example123" target */,
			);
			path = Example123;
			sourceTree = "<group>";
		};
		54C0D0D52D5E230C00E3FAC5 /* Example123Tests */ = {
			isa = PBXFileSystemSynchronizedRootGroup;
			path = Example123Tests;
			sourceTree = "<group>";
		};
		54C0D0DF2D5E230C00E3FAC5 /* Example123UITests */ = {
			isa = PBXFileSystemSynchronizedRootGroup;
			path = Example123UITests;
			sourceTree = "<group>";
		};
/* End PBXFileSystemSynchronizedRootGroup section */

/* Begin PBXFrameworksBuildPhase section */
		54C0D0B92D5E230B00E3FAC5 /* Frameworks */ = {
			isa = PBXFrameworksBuildPhase;
			buildActionMask = 2147483647;
			files = (
				547C73FB2D5F990B00E6E60C /* Redlink in Frameworks */,
			);
			runOnlyForDeploymentPostprocessing = 0;
		};
		54C0D0CF2D5E230C00E3FAC5 /* Frameworks */ = {
			isa = PBXFrameworksBuildPhase;
			buildActionMask = 2147483647;
			files = (
			);
			runOnlyForDeploymentPostprocessing = 0;
		};
		54C0D0D92D5E230C00E3FAC5 /* Frameworks */ = {
			isa = PBXFrameworksBuildPhase;
			buildActionMask = 2147483647;
			files = (
			);
			runOnlyForDeploymentPostprocessing = 0;
		};
/* End PBXFrameworksBuildPhase section */

/* Begin PBXGroup section */
		54C0D0B32D5E230B00E3FAC5 = {
			isa = PBXGroup;
			children = (
				54C0D0BE2D5E230B00E3FAC5 /* Example123 */,
				54C0D0D52D5E230C00E3FAC5 /* Example123Tests */,
				54C0D0DF2D5E230C00E3FAC5 /* Example123UITests */,
				54C0D0BD2D5E230B00E3FAC5 /* Products */,
			);
			sourceTree = "<group>";
		};
		54C0D0BD2D5E230B00E3FAC5 /* Products */ = {
			isa = PBXGroup;
			children = (
				54C0D0BC2D5E230B00E3FAC5 /* Example123.app */,
				54C0D0D22D5E230C00E3FAC5 /* Example123Tests.xctest */,
				54C0D0DC2D5E230C00E3FAC5 /* Example123UITests.xctest */,
			);
			name = Products;
			sourceTree = "<group>";
		};
/* End PBXGroup section */

/* Begin PBXNativeTarget section */
		54C0D0BB2D5E230B00E3FAC5 /* Example123 */ = {
			isa = PBXNativeTarget;
			buildConfigurationList = 54C0D0E52D5E230C00E3FAC5 /* Build configuration list for PBXNativeTarget "Example123" */;
			buildPhases = (
				54C0D0B82D5E230B00E3FAC5 /* Sources */,
				54C0D0B92D5E230B00E3FAC5 /* Frameworks */,
				54C0D0BA2D5E230B00E3FAC5 /* Resources */,
			);
			buildRules = (
			);
			dependencies = (
			);
			fileSystemSynchronizedGroups = (
				54C0D0BE2D5E230B00E3FAC5 /* Example123 */,
			);
			name = Example123;
			packageProductDependencies = (
				547C73FA2D5F990B00E6E60C /* Redlink */,
			);
			productName = Example123;
			productReference = 54C0D0BC2D5E230B00E3FAC5 /* Example123.app */;
			productType = "com.apple.product-type.application";
		};
		54C0D0D12D5E230C00E3FAC5 /* Example123Tests */ = {
			isa = PBXNativeTarget;
			buildConfigurationList = 54C0D0EA2D5E230C00E3FAC5 /* Build configuration list for PBXNativeTarget "Example123Tests" */;
			buildPhases = (
				54C0D0CE2D5E230C00E3FAC5 /* Sources */,
				54C0D0CF2D5E230C00E3FAC5 /* Frameworks */,
				54C0D0D02D5E230C00E3FAC5 /* Resources */,
			);
			buildRules = (
			);
			dependencies = (
				54C0D0D42D5E230C00E3FAC5 /* PBXTargetDependency */,
			);
			fileSystemSynchronizedGroups = (
				54C0D0D52D5E230C00E3FAC5 /* Example123Tests */,
			);
			name = Example123Tests;
			packageProductDependencies = (
			);
			productName = Example123Tests;
			productReference = 54C0D0D22D5E230C00E3FAC5 /* Example123Tests.xctest */;
			productType = "com.apple.product-type.bundle.unit-test";
		};
		54C0D0DB2D5E230C00E3FAC5 /* Example123UITests */ = {
			isa = PBXNativeTarget;
			buildConfigurationList = 54C0D0ED2D5E230C00E3FAC5 /* Build configuration list for PBXNativeTarget "Example123UITests" */;
			buildPhases = (
				54C0D0D82D5E230C00E3FAC5 /* Sources */,
				54C0D0D92D5E230C00E3FAC5 /* Frameworks */,
				54C0D0DA2D5E230C00E3FAC5 /* Resources */,
			);
			buildRules = (
			);
			dependencies = (
				54C0D0DE2D5E230C00E3FAC5 /* PBXTargetDependency */,
			);
			fileSystemSynchronizedGroups = (
				54C0D0DF2D5E230C00E3FAC5 /* Example123UITests */,
			);
			name = Example123UITests;
			packageProductDependencies = (
			);
			productName = Example123UITests;
			productReference = 54C0D0DC2D5E230C00E3FAC5 /* Example123UITests.xctest */;
			productType = "com.apple.product-type.bundle.ui-testing";
		};
/* End PBXNativeTarget section */

/* Begin PBXProject section */
		54C0D0B42D5E230B00E3FAC5 /* Project object */ = {
			isa = PBXProject;
			attributes = {
				BuildIndependentTargetsInParallel = 1;
				LastSwiftUpdateCheck = 1620;
				LastUpgradeCheck = 1620;
				TargetAttributes = {
					54C0D0BB2D5E230B00E3FAC5 = {
						CreatedOnToolsVersion = 16.2;
					};
					54C0D0D12D5E230C00E3FAC5 = {
						CreatedOnToolsVersion = 16.2;
						TestTargetID = 54C0D0BB2D5E230B00E3FAC5;
					};
					54C0D0DB2D5E230C00E3FAC5 = {
						CreatedOnToolsVersion = 16.2;
						TestTargetID = 54C0D0BB2D5E230B00E3FAC5;
					};
				};
			};
			buildConfigurationList = 54C0D0B72D5E230B00E3FAC5 /* Build configuration list for PBXProject "Example123" */;
			developmentRegion = en;
			hasScannedForEncodings = 0;
			knownRegions = (
				en,
				Base,
			);
			mainGroup = 54C0D0B32D5E230B00E3FAC5;
			minimizedProjectReferenceProxies = 1;
			packageReferences = (
				547C73F92D5F990B00E6E60C /* XCRemoteSwiftPackageReference "redlink-push-ios-sdk-sqlitefix" */,
			);
			preferredProjectObjectVersion = 77;
			productRefGroup = 54C0D0BD2D5E230B00E3FAC5 /* Products */;
			projectDirPath = "";
			projectRoot = "";
			targets = (
				54C0D0BB2D5E230B00E3FAC5 /* Example123 */,
				54C0D0D12D5E230C00E3FAC5 /* Example123Tests */,
				54C0D0DB2D5E230C00E3FAC5 /* Example123UITests */,
			);
		};
/* End PBXProject section */

/* Begin PBXResourcesBuildPhase section */
		54C0D0BA2D5E230B00E3FAC5 /* Resources */ = {
			isa = PBXResourcesBuildPhase;
			buildActionMask = 2147483647;
			files = (
			);
			runOnlyForDeploymentPostprocessing = 0;
		};
		54C0D0D02D5E230C00E3FAC5 /* Resources */ = {
			isa = PBXResourcesBuildPhase;
			buildActionMask = 2147483647;
			files = (
			);
			runOnlyForDeploymentPostprocessing = 0;
		};
		54C0D0DA2D5E230C00E3FAC5 /* Resources */ = {
			isa = PBXResourcesBuildPhase;
			buildActionMask = 2147483647;
			files = (
			);
			runOnlyForDeploymentPostprocessing = 0;
		};
/* End PBXResourcesBuildPhase section */

/* Begin PBXSourcesBuildPhase section */
		54C0D0B82D5E230B00E3FAC5 /* Sources */ = {
			isa = PBXSourcesBuildPhase;
			buildActionMask = 2147483647;
			files = (
			);
			runOnlyForDeploymentPostprocessing = 0;
		};
		54C0D0CE2D5E230C00E3FAC5 /* Sources */ = {
			isa = PBXSourcesBuildPhase;
			buildActionMask = 2147483647;
			files = (
			);
			runOnlyForDeploymentPostprocessing = 0;
		};
		54C0D0D82D5E230C00E3FAC5 /* Sources */ = {
			isa = PBXSourcesBuildPhase;
			buildActionMask = 2147483647;
			files = (
			);
			runOnlyForDeploymentPostprocessing = 0;
		};
/* End PBXSourcesBuildPhase section */

/* Begin PBXTargetDependency section */
		54C0D0D42D5E230C00E3FAC5 /* PBXTargetDependency */ = {
			isa = PBXTargetDependency;
			target = 54C0D0BB2D5E230B00E3FAC5 /* Example123 */;
			targetProxy = 54C0D0D32D5E230C00E3FAC5 /* PBXContainerItemProxy */;
		};
		54C0D0DE2D5E230C00E3FAC5 /* PBXTargetDependency */ = {
			isa = PBXTargetDependency;
			target = 54C0D0BB2D5E230B00E3FAC5 /* Example123 */;
			targetProxy = 54C0D0DD2D5E230C00E3FAC5 /* PBXContainerItemProxy */;
		};
/* End PBXTargetDependency section */

/* Begin XCBuildConfiguration section */
		54C0D0E62D5E230C00E3FAC5 /* Debug */ = {
			isa = XCBuildConfiguration;
			buildSettings = {
				ASSETCATALOG_COMPILER_APPICON_NAME = AppIcon;
				ASSETCATALOG_COMPILER_GLOBAL_ACCENT_COLOR_NAME = AccentColor;
				CODE_SIGN_STYLE = Automatic;
				CURRENT_PROJECT_VERSION = 1;
				DEVELOPMENT_TEAM = 5976JK9AH2;
				GENERATE_INFOPLIST_FILE = YES;
				INFOPLIST_FILE = Example123/Info.plist;
				INFOPLIST_KEY_UIApplicationSupportsIndirectInputEvents = YES;
				INFOPLIST_KEY_UILaunchStoryboardName = LaunchScreen;
				INFOPLIST_KEY_UIMainStoryboardFile = Main;
				INFOPLIST_KEY_UISupportedInterfaceOrientations_iPad = "UIInterfaceOrientationPortrait UIInterfaceOrientationPortraitUpsideDown UIInterfaceOrientationLandscapeLeft UIInterfaceOrientationLandscapeRight";
				INFOPLIST_KEY_UISupportedInterfaceOrientations_iPhone = "UIInterfaceOrientationPortrait UIInterfaceOrientationLandscapeLeft UIInterfaceOrientationLandscapeRight";
				LD_RUNPATH_SEARCH_PATHS = (
					"$(inherited)",
					"@executable_path/Frameworks",
				);
				MARKETING_VERSION = 1.0;
				PRODUCT_BUNDLE_IDENTIFIER = marcinmierzejewski1024.Example123;
				PRODUCT_NAME = "$(TARGET_NAME)";
				SWIFT_EMIT_LOC_STRINGS = YES;
				SWIFT_VERSION = 5.0;
				TARGETED_DEVICE_FAMILY = "1,2";
			};
			name = Debug;
		};
		54C0D0E72D5E230C00E3FAC5 /* Release */ = {
			isa = XCBuildConfiguration;
			buildSettings = {
				ASSETCATALOG_COMPILER_APPICON_NAME = AppIcon;
				ASSETCATALOG_COMPILER_GLOBAL_ACCENT_COLOR_NAME = AccentColor;
				CODE_SIGN_STYLE = Automatic;
				CURRENT_PROJECT_VERSION = 1;
				DEVELOPMENT_TEAM = 5976JK9AH2;
				GENERATE_INFOPLIST_FILE = YES;
				INFOPLIST_FILE = Example123/Info.plist;
				INFOPLIST_KEY_UIApplicationSupportsIndirectInputEvents = YES;
				INFOPLIST_KEY_UILaunchStoryboardName = LaunchScreen;
				INFOPLIST_KEY_UIMainStoryboardFile = Main;
				INFOPLIST_KEY_UISupportedInterfaceOrientations_iPad = "UIInterfaceOrientationPortrait UIInterfaceOrientationPortraitUpsideDown UIInterfaceOrientationLandscapeLeft UIInterfaceOrientationLandscapeRight";
				INFOPLIST_KEY_UISupportedInterfaceOrientations_iPhone = "UIInterfaceOrientationPortrait UIInterfaceOrientationLandscapeLeft UIInterfaceOrientationLandscapeRight";
				LD_RUNPATH_SEARCH_PATHS = (
					"$(inherited)",
					"@executable_path/Frameworks",
				);
				MARKETING_VERSION = 1.0;
				PRODUCT_BUNDLE_IDENTIFIER = marcinmierzejewski1024.Example123;
				PRODUCT_NAME = "$(TARGET_NAME)";
				SWIFT_EMIT_LOC_STRINGS = YES;
				SWIFT_VERSION = 5.0;
				TARGETED_DEVICE_FAMILY = "1,2";
			};
			name = Release;
		};
		54C0D0E82D5E230C00E3FAC5 /* Debug */ = {
			isa = XCBuildConfiguration;
			buildSettings = {
				ALWAYS_SEARCH_USER_PATHS = NO;
				ASSETCATALOG_COMPILER_GENERATE_SWIFT_ASSET_SYMBOL_EXTENSIONS = YES;
				CLANG_ANALYZER_NONNULL = YES;
				CLANG_ANALYZER_NUMBER_OBJECT_CONVERSION = YES_AGGRESSIVE;
				CLANG_CXX_LANGUAGE_STANDARD = "gnu++20";
				CLANG_ENABLE_MODULES = YES;
				CLANG_ENABLE_OBJC_ARC = YES;
				CLANG_ENABLE_OBJC_WEAK = YES;
				CLANG_WARN_BLOCK_CAPTURE_AUTORELEASING = YES;
				CLANG_WARN_BOOL_CONVERSION = YES;
				CLANG_WARN_COMMA = YES;
				CLANG_WARN_CONSTANT_CONVERSION = YES;
				CLANG_WARN_DEPRECATED_OBJC_IMPLEMENTATIONS = YES;
				CLANG_WARN_DIRECT_OBJC_ISA_USAGE = YES_ERROR;
				CLANG_WARN_DOCUMENTATION_COMMENTS = YES;
				CLANG_WARN_EMPTY_BODY = YES;
				CLANG_WARN_ENUM_CONVERSION = YES;
				CLANG_WARN_INFINITE_RECURSION = YES;
				CLANG_WARN_INT_CONVERSION = YES;
				CLANG_WARN_NON_LITERAL_NULL_CONVERSION = YES;
				CLANG_WARN_OBJC_IMPLICIT_RETAIN_SELF = YES;
				CLANG_WARN_OBJC_LITERAL_CONVERSION = YES;
				CLANG_WARN_OBJC_ROOT_CLASS = YES_ERROR;
				CLANG_WARN_QUOTED_INCLUDE_IN_FRAMEWORK_HEADER = YES;
				CLANG_WARN_RANGE_LOOP_ANALYSIS = YES;
				CLANG_WARN_STRICT_PROTOTYPES = YES;
				CLANG_WARN_SUSPICIOUS_MOVE = YES;
				CLANG_WARN_UNGUARDED_AVAILABILITY = YES_AGGRESSIVE;
				CLANG_WARN_UNREACHABLE_CODE = YES;
				CLANG_WARN__DUPLICATE_METHOD_MATCH = YES;
				COPY_PHASE_STRIP = NO;
				DEBUG_INFORMATION_FORMAT = dwarf;
				ENABLE_STRICT_OBJC_MSGSEND = YES;
				ENABLE_TESTABILITY = YES;
				ENABLE_USER_SCRIPT_SANDBOXING = YES;
				GCC_C_LANGUAGE_STANDARD = gnu17;
				GCC_DYNAMIC_NO_PIC = NO;
				GCC_NO_COMMON_BLOCKS = YES;
				GCC_OPTIMIZATION_LEVEL = 0;
				GCC_PREPROCESSOR_DEFINITIONS = (
					"DEBUG=1",
					"$(inherited)",
				);
				GCC_WARN_64_TO_32_BIT_CONVERSION = YES;
				GCC_WARN_ABOUT_RETURN_TYPE = YES_ERROR;
				GCC_WARN_UNDECLARED_SELECTOR = YES;
				GCC_WARN_UNINITIALIZED_AUTOS = YES_AGGRESSIVE;
				GCC_WARN_UNUSED_FUNCTION = YES;
				GCC_WARN_UNUSED_VARIABLE = YES;
				IPHONEOS_DEPLOYMENT_TARGET = 18.2;
				LOCALIZATION_PREFERS_STRING_CATALOGS = YES;
				MTL_ENABLE_DEBUG_INFO = INCLUDE_SOURCE;
				MTL_FAST_MATH = YES;
				ONLY_ACTIVE_ARCH = YES;
				SDKROOT = iphoneos;
				SWIFT_ACTIVE_COMPILATION_CONDITIONS = "DEBUG $(inherited)";
				SWIFT_OPTIMIZATION_LEVEL = "-Onone";
			};
			name = Debug;
		};
		54C0D0E92D5E230C00E3FAC5 /* Release */ = {
			isa = XCBuildConfiguration;
			buildSettings = {
				ALWAYS_SEARCH_USER_PATHS = NO;
				ASSETCATALOG_COMPILER_GENERATE_SWIFT_ASSET_SYMBOL_EXTENSIONS = YES;
				CLANG_ANALYZER_NONNULL = YES;
				CLANG_ANALYZER_NUMBER_OBJECT_CONVERSION = YES_AGGRESSIVE;
				CLANG_CXX_LANGUAGE_STANDARD = "gnu++20";
				CLANG_ENABLE_MODULES = YES;
				CLANG_ENABLE_OBJC_ARC = YES;
				CLANG_ENABLE_OBJC_WEAK = YES;
				CLANG_WARN_BLOCK_CAPTURE_AUTORELEASING = YES;
				CLANG_WARN_BOOL_CONVERSION = YES;
				CLANG_WARN_COMMA = YES;
				CLANG_WARN_CONSTANT_CONVERSION = YES;
				CLANG_WARN_DEPRECATED_OBJC_IMPLEMENTATIONS = YES;
				CLANG_WARN_DIRECT_OBJC_ISA_USAGE = YES_ERROR;
				CLANG_WARN_DOCUMENTATION_COMMENTS = YES;
				CLANG_WARN_EMPTY_BODY = YES;
				CLANG_WARN_ENUM_CONVERSION = YES;
				CLANG_WARN_INFINITE_RECURSION = YES;
				CLANG_WARN_INT_CONVERSION = YES;
				CLANG_WARN_NON_LITERAL_NULL_CONVERSION = YES;
				CLANG_WARN_OBJC_IMPLICIT_RETAIN_SELF = YES;
				CLANG_WARN_OBJC_LITERAL_CONVERSION = YES;
				CLANG_WARN_OBJC_ROOT_CLASS = YES_ERROR;
				CLANG_WARN_QUOTED_INCLUDE_IN_FRAMEWORK_HEADER = YES;
				CLANG_WARN_RANGE_LOOP_ANALYSIS = YES;
				CLANG_WARN_STRICT_PROTOTYPES = YES;
				CLANG_WARN_SUSPICIOUS_MOVE = YES;
				CLANG_WARN_UNGUARDED_AVAILABILITY = YES_AGGRESSIVE;
				CLANG_WARN_UNREACHABLE_CODE = YES;
				CLANG_WARN__DUPLICATE_METHOD_MATCH = YES;
				COPY_PHASE_STRIP = NO;
				DEBUG_INFORMATION_FORMAT = "dwarf-with-dsym";
				ENABLE_NS_ASSERTIONS = NO;
				ENABLE_STRICT_OBJC_MSGSEND = YES;
				ENABLE_USER_SCRIPT_SANDBOXING = YES;
				GCC_C_LANGUAGE_STANDARD = gnu17;
				GCC_NO_COMMON_BLOCKS = YES;
				GCC_WARN_64_TO_32_BIT_CONVERSION = YES;
				GCC_WARN_ABOUT_RETURN_TYPE = YES_ERROR;
				GCC_WARN_UNDECLARED_SELECTOR = YES;
				GCC_WARN_UNINITIALIZED_AUTOS = YES_AGGRESSIVE;
				GCC_WARN_UNUSED_FUNCTION = YES;
				GCC_WARN_UNUSED_VARIABLE = YES;
				IPHONEOS_DEPLOYMENT_TARGET = 18.2;
				LOCALIZATION_PREFERS_STRING_CATALOGS = YES;
				MTL_ENABLE_DEBUG_INFO = NO;
				MTL_FAST_MATH = YES;
				SDKROOT = iphoneos;
				SWIFT_COMPILATION_MODE = wholemodule;
				VALIDATE_PRODUCT = YES;
			};
			name = Release;
		};
		54C0D0EB2D5E230C00E3FAC5 /* Debug */ = {
			isa = XCBuildConfiguration;
			buildSettings = {
				BUNDLE_LOADER = "$(TEST_HOST)";
				CODE_SIGN_STYLE = Automatic;
				CURRENT_PROJECT_VERSION = 1;
				DEVELOPMENT_TEAM = 5976JK9AH2;
				GENERATE_INFOPLIST_FILE = YES;
				IPHONEOS_DEPLOYMENT_TARGET = 18.2;
				MARKETING_VERSION = 1.0;
				PRODUCT_BUNDLE_IDENTIFIER = marcinmierzejewski1024.Example123Tests;
				PRODUCT_NAME = "$(TARGET_NAME)";
				SWIFT_EMIT_LOC_STRINGS = NO;
				SWIFT_VERSION = 5.0;
				TARGETED_DEVICE_FAMILY = "1,2";
				TEST_HOST = "$(BUILT_PRODUCTS_DIR)/Example123.app/$(BUNDLE_EXECUTABLE_FOLDER_PATH)/Example123";
			};
			name = Debug;
		};
		54C0D0EC2D5E230C00E3FAC5 /* Release */ = {
			isa = XCBuildConfiguration;
			buildSettings = {
				BUNDLE_LOADER = "$(TEST_HOST)";
				CODE_SIGN_STYLE = Automatic;
				CURRENT_PROJECT_VERSION = 1;
				DEVELOPMENT_TEAM = 5976JK9AH2;
				GENERATE_INFOPLIST_FILE = YES;
				IPHONEOS_DEPLOYMENT_TARGET = 18.2;
				MARKETING_VERSION = 1.0;
				PRODUCT_BUNDLE_IDENTIFIER = marcinmierzejewski1024.Example123Tests;
				PRODUCT_NAME = "$(TARGET_NAME)";
				SWIFT_EMIT_LOC_STRINGS = NO;
				SWIFT_VERSION = 5.0;
				TARGETED_DEVICE_FAMILY = "1,2";
				TEST_HOST = "$(BUILT_PRODUCTS_DIR)/Example123.app/$(BUNDLE_EXECUTABLE_FOLDER_PATH)/Example123";
			};
			name = Release;
		};
		54C0D0EE2D5E230C00E3FAC5 /* Debug */ = {
			isa = XCBuildConfiguration;
			buildSettings = {
				CODE_SIGN_STYLE = Automatic;
				CURRENT_PROJECT_VERSION = 1;
				DEVELOPMENT_TEAM = 5976JK9AH2;
				GENERATE_INFOPLIST_FILE = YES;
				MARKETING_VERSION = 1.0;
				PRODUCT_BUNDLE_IDENTIFIER = marcinmierzejewski1024.Example123UITests;
				PRODUCT_NAME = "$(TARGET_NAME)";
				SWIFT_EMIT_LOC_STRINGS = NO;
				SWIFT_VERSION = 5.0;
				TARGETED_DEVICE_FAMILY = "1,2";
				TEST_TARGET_NAME = Example123;
			};
			name = Debug;
		};
		54C0D0EF2D5E230C00E3FAC5 /* Release */ = {
			isa = XCBuildConfiguration;
			buildSettings = {
				CODE_SIGN_STYLE = Automatic;
				CURRENT_PROJECT_VERSION = 1;
				DEVELOPMENT_TEAM = 5976JK9AH2;
				GENERATE_INFOPLIST_FILE = YES;
				MARKETING_VERSION = 1.0;
				PRODUCT_BUNDLE_IDENTIFIER = marcinmierzejewski1024.Example123UITests;
				PRODUCT_NAME = "$(TARGET_NAME)";
				SWIFT_EMIT_LOC_STRINGS = NO;
				SWIFT_VERSION = 5.0;
				TARGETED_DEVICE_FAMILY = "1,2";
				TEST_TARGET_NAME = Example123;
			};
			name = Release;
		};
/* End XCBuildConfiguration section */

/* Begin XCConfigurationList section */
		54C0D0B72D5E230B00E3FAC5 /* Build configuration list for PBXProject "Example123" */ = {
			isa = XCConfigurationList;
			buildConfigurations = (
				54C0D0E82D5E230C00E3FAC5 /* Debug */,
				54C0D0E92D5E230C00E3FAC5 /* Release */,
			);
			defaultConfigurationIsVisible = 0;
			defaultConfigurationName = Release;
		};
		54C0D0E52D5E230C00E3FAC5 /* Build configuration list for PBXNativeTarget "Example123" */ = {
			isa = XCConfigurationList;
			buildConfigurations = (
				54C0D0E62D5E230C00E3FAC5 /* Debug */,
				54C0D0E72D5E230C00E3FAC5 /* Release */,
			);
			defaultConfigurationIsVisible = 0;
			defaultConfigurationName = Release;
		};
		54C0D0EA2D5E230C00E3FAC5 /* Build configuration list for PBXNativeTarget "Example123Tests" */ = {
			isa = XCConfigurationList;
			buildConfigurations = (
				54C0D0EB2D5E230C00E3FAC5 /* Debug */,
				54C0D0EC2D5E230C00E3FAC5 /* Release */,
			);
			defaultConfigurationIsVisible = 0;
			defaultConfigurationName = Release;
		};
		54C0D0ED2D5E230C00E3FAC5 /* Build configuration list for PBXNativeTarget "Example123UITests" */ = {
			isa = XCConfigurationList;
			buildConfigurations = (
				54C0D0EE2D5E230C00E3FAC5 /* Debug */,
				54C0D0EF2D5E230C00E3FAC5 /* Release */,
			);
			defaultConfigurationIsVisible = 0;
			defaultConfigurationName = Release;
		};
/* End XCConfigurationList section */

/* Begin XCRemoteSwiftPackageReference section */
		547C73F92D5F990B00E6E60C /* XCRemoteSwiftPackageReference "redlink-push-ios-sdk-sqlitefix" */ = {
			isa = XCRemoteSwiftPackageReference;
			repositoryURL = "https://github.com/marcinmierzejewski1024/redlink-push-ios-sdk-sqlitefix/";
			requirement = {
				branch = "redlink-dynamic-linking-fix";
				kind = branch;
			};
		};
/* End XCRemoteSwiftPackageReference section */

/* Begin XCSwiftPackageProductDependency section */
		547C73FA2D5F990B00E6E60C /* Redlink */ = {
			isa = XCSwiftPackageProductDependency;
			package = 547C73F92D5F990B00E6E60C /* XCRemoteSwiftPackageReference "redlink-push-ios-sdk-sqlitefix" */;
			productName = Redlink;
		};
/* End XCSwiftPackageProductDependency section */
	};
	rootObject = 54C0D0B42D5E230B00E3FAC5 /* Project object */;
}
