{
  "originHash" : "9f7c2fe32573272473d2942ccdc310dcc6a07cc4eb69b2c7ba363203e496d993",
  "pins" : [
    {
      "identity" : "redlink-push-ios-sdk-sqlitefix",
      "kind" : "remoteSourceControl",
      "location" : "https://github.com/marcinmierzejewski1024/redlink-push-ios-sdk-sqlitefix/",
      "state" : {
        "branch" : "redlink-dynamic-linking-fix",
        "revision" : "78ee2b150faff7d8c775deff887285098760d377"
      }
    },
    {
      "identity" : "sqlite.swift",
      "kind" : "remoteSourceControl",
      "location" : "https://github.com/stephencelis/SQLite.swift.git",
      "state" : {
        "revision" : "a95fc6df17d108bd99210db5e8a9bac90fe984b8",
        "version" : "0.15.3"
      }
    }
  ],
  "version" : 3
}
